{
    "_meta": {
        "hash": {
            "sha256": "b19f55fe872462052dc98b9f7540c966d4d34e9899b6fc0204d87ba7bec16c01"
        },
        "pipfile-spec": 6,
        "requires": {
            "python_version": "3"
        },
        "sources": [
            {
                "name": "pypi",
                "url": "https://pypi.org/simple",
                "verify_ssl": true
            }
        ]
    },
    "default": {
        "junit2html": {
            "hashes": [
                "sha256:4e31f4306e76a4c854867149a9b4776dd1c6bae5441368d2da1dce485c18302e"
            ],
            "index": "pypi",
            "version": "==23"
        }
    },
    "develop": {}
}
